
Microsoft Visual Studio Solution File, Format Version 12.00
# Visual Studio 15
VisualStudioVersion = 15.0.28307.168
MinimumVisualStudioVersion = 10.0.40219.1
Project("{FAE04EC0-301F-11D3-BF4B-00C04F79EFBC}") = "YazLab3", "YazLab3\YazLab3.csproj", "{D0EE49A5-84C1-4B7B-8FBB-7BF697A15EAA}"
EndProject
Global
	GlobalSection(SolutionConfigurationPlatforms) = preSolution
		Debug|Any CPU = Debug|Any CPU
		Release|Any CPU = Release|Any CPU
	EndGlobalSection
	GlobalSection(ProjectConfigurationPlatforms) = postSolution
		{D0EE49A5-84C1-4B7B-8FBB-7BF697A15EAA}.Debug|Any CPU.ActiveCfg = Debug|Any CPU
		{D0EE49A5-84C1-4B7B-8FBB-7BF697A15EAA}.Debug|Any CPU.Build.0 = Debug|Any CPU
		{D0EE49A5-84C1-4B7B-8FBB-7BF697A15EAA}.Release|Any CPU.ActiveCfg = Release|Any CPU
		{D0EE49A5-84C1-4B7B-8FBB-7BF697A15EAA}.Release|Any CPU.Build.0 = Release|Any CPU
	EndGlobalSection
	GlobalSection(SolutionProperties) = preSolution
		HideSolutionNode = FALSE
	EndGlobalSection
	GlobalSection(ExtensibilityGlobals) = postSolution
		SolutionGuid = {F9F227D5-D939-4098-9D9D-206DCFA60EEE}
	EndGlobalSection
EndGlobal
